
Microsoft Visual Studio Solution File, Format Version 12.00
# Visual Studio 15
VisualStudioVersion = 15.0.26124.0
MinimumVisualStudioVersion = 15.0.26124.0
Project("{2150E333-8FDC-42A3-9474-1A3956D46DE8}") = "src", "src", "{78A9A9A2-9C78-46DE-952E-7B1EED72508E}"
EndProject
Project("{FAE04EC0-301F-11D3-BF4B-00C04F79EFBC}") = "FactroApiClient", "src\FactroApiClient\FactroApiClient.csproj", "{CB47CAD3-9AA1-4C50-8768-F11455FEAB09}"
EndProject
Project("{2150E333-8FDC-42A3-9474-1A3956D46DE8}") = "tests", "tests", "{DA0D9CF2-0016-42C8-AE81-AB2F44971004}"
EndProject
Project("{FAE04EC0-301F-11D3-BF4B-00C04F79EFBC}") = "FactroApiClient.Tests", "tests\FactroApiClient.Tests\FactroApiClient.Tests.csproj", "{AC0618D5-7084-495B-8367-6AD5C8390C57}"
EndProject
Project("{FAE04EC0-301F-11D3-BF4B-00C04F79EFBC}") = "FactroApiClient.Integration", "tests\FactroApiClient.Integration\FactroApiClient.Integration.csproj", "{63D2DDE5-CD3F-4068-871F-443B4D9A59B8}"
EndProject
Global
	GlobalSection(SolutionConfigurationPlatforms) = preSolution
		Debug|Any CPU = Debug|Any CPU
		Debug|x64 = Debug|x64
		Debug|x86 = Debug|x86
		Release|Any CPU = Release|Any CPU
		Release|x64 = Release|x64
		Release|x86 = Release|x86
	EndGlobalSection
	GlobalSection(SolutionProperties) = preSolution
		HideSolutionNode = FALSE
	EndGlobalSection
	GlobalSection(ProjectConfigurationPlatforms) = postSolution
		{CB47CAD3-9AA1-4C50-8768-F11455FEAB09}.Debug|Any CPU.ActiveCfg = Debug|Any CPU
		{CB47CAD3-9AA1-4C50-8768-F11455FEAB09}.Debug|Any CPU.Build.0 = Debug|Any CPU
		{CB47CAD3-9AA1-4C50-8768-F11455FEAB09}.Debug|x64.ActiveCfg = Debug|Any CPU
		{CB47CAD3-9AA1-4C50-8768-F11455FEAB09}.Debug|x64.Build.0 = Debug|Any CPU
		{CB47CAD3-9AA1-4C50-8768-F11455FEAB09}.Debug|x86.ActiveCfg = Debug|Any CPU
		{CB47CAD3-9AA1-4C50-8768-F11455FEAB09}.Debug|x86.Build.0 = Debug|Any CPU
		{CB47CAD3-9AA1-4C50-8768-F11455FEAB09}.Release|Any CPU.ActiveCfg = Release|Any CPU
		{CB47CAD3-9AA1-4C50-8768-F11455FEAB09}.Release|Any CPU.Build.0 = Release|Any CPU
		{CB47CAD3-9AA1-4C50-8768-F11455FEAB09}.Release|x64.ActiveCfg = Release|Any CPU
		{CB47CAD3-9AA1-4C50-8768-F11455FEAB09}.Release|x64.Build.0 = Release|Any CPU
		{CB47CAD3-9AA1-4C50-8768-F11455FEAB09}.Release|x86.ActiveCfg = Release|Any CPU
		{CB47CAD3-9AA1-4C50-8768-F11455FEAB09}.Release|x86.Build.0 = Release|Any CPU
		{AC0618D5-7084-495B-8367-6AD5C8390C57}.Debug|Any CPU.ActiveCfg = Debug|Any CPU
		{AC0618D5-7084-495B-8367-6AD5C8390C57}.Debug|Any CPU.Build.0 = Debug|Any CPU
		{AC0618D5-7084-495B-8367-6AD5C8390C57}.Debug|x64.ActiveCfg = Debug|Any CPU
		{AC0618D5-7084-495B-8367-6AD5C8390C57}.Debug|x64.Build.0 = Debug|Any CPU
		{AC0618D5-7084-495B-8367-6AD5C8390C57}.Debug|x86.ActiveCfg = Debug|Any CPU
		{AC0618D5-7084-495B-8367-6AD5C8390C57}.Debug|x86.Build.0 = Debug|Any CPU
		{AC0618D5-7084-495B-8367-6AD5C8390C57}.Release|Any CPU.ActiveCfg = Release|Any CPU
		{AC0618D5-7084-495B-8367-6AD5C8390C57}.Release|Any CPU.Build.0 = Release|Any CPU
		{AC0618D5-7084-495B-8367-6AD5C8390C57}.Release|x64.ActiveCfg = Release|Any CPU
		{AC0618D5-7084-495B-8367-6AD5C8390C57}.Release|x64.Build.0 = Release|Any CPU
		{AC0618D5-7084-495B-8367-6AD5C8390C57}.Release|x86.ActiveCfg = Release|Any CPU
		{AC0618D5-7084-495B-8367-6AD5C8390C57}.Release|x86.Build.0 = Release|Any CPU
		{63D2DDE5-CD3F-4068-871F-443B4D9A59B8}.Debug|Any CPU.ActiveCfg = Debug|Any CPU
		{63D2DDE5-CD3F-4068-871F-443B4D9A59B8}.Debug|Any CPU.Build.0 = Debug|Any CPU
		{63D2DDE5-CD3F-4068-871F-443B4D9A59B8}.Debug|x64.ActiveCfg = Debug|Any CPU
		{63D2DDE5-CD3F-4068-871F-443B4D9A59B8}.Debug|x64.Build.0 = Debug|Any CPU
		{63D2DDE5-CD3F-4068-871F-443B4D9A59B8}.Debug|x86.ActiveCfg = Debug|Any CPU
		{63D2DDE5-CD3F-4068-871F-443B4D9A59B8}.Debug|x86.Build.0 = Debug|Any CPU
		{63D2DDE5-CD3F-4068-871F-443B4D9A59B8}.Release|Any CPU.ActiveCfg = Release|Any CPU
		{63D2DDE5-CD3F-4068-871F-443B4D9A59B8}.Release|Any CPU.Build.0 = Release|Any CPU
		{63D2DDE5-CD3F-4068-871F-443B4D9A59B8}.Release|x64.ActiveCfg = Release|Any CPU
		{63D2DDE5-CD3F-4068-871F-443B4D9A59B8}.Release|x64.Build.0 = Release|Any CPU
		{63D2DDE5-CD3F-4068-871F-443B4D9A59B8}.Release|x86.ActiveCfg = Release|Any CPU
		{63D2DDE5-CD3F-4068-871F-443B4D9A59B8}.Release|x86.Build.0 = Release|Any CPU
	EndGlobalSection
	GlobalSection(NestedProjects) = preSolution
		{CB47CAD3-9AA1-4C50-8768-F11455FEAB09} = {78A9A9A2-9C78-46DE-952E-7B1EED72508E}
		{AC0618D5-7084-495B-8367-6AD5C8390C57} = {DA0D9CF2-0016-42C8-AE81-AB2F44971004}
		{63D2DDE5-CD3F-4068-871F-443B4D9A59B8} = {DA0D9CF2-0016-42C8-AE81-AB2F44971004}
	EndGlobalSection
EndGlobal
